
Microsoft Visual Studio Solution File, Format Version 12.00
# Visual Studio Version 16
VisualStudioVersion = 16.0.30503.244
MinimumVisualStudioVersion = 10.0.40219.1
Project("{FAE04EC0-301F-11D3-BF4B-00C04F79EFBC}") = "Contact.Client", "Contact.Client\Contact.Client.csproj", "{18F96E44-D86A-4834-B5F4-0C8E66B3D57A}"
EndProject
Project("{FAE04EC0-301F-11D3-BF4B-00C04F79EFBC}") = "Contact.Api", "Contact.Api\Contact.Api.csproj", "{20D061C9-A833-454C-8B76-752576CB00A3}"
EndProject
Project("{FAE04EC0-301F-11D3-BF4B-00C04F79EFBC}") = "Contact.Core", "Contact.Core\Contact.Core.csproj", "{964183BF-14DE-4263-A42C-A2C22BC8A58B}"
EndProject
Project("{FAE04EC0-301F-11D3-BF4B-00C04F79EFBC}") = "Contact.Infrastructure", "Contact.Infrastructure\Contact.Infrastructure.csproj", "{C3042443-8865-493D-ACF6-FC2C009D0DCB}"
EndProject
Project("{FAE04EC0-301F-11D3-BF4B-00C04F79EFBC}") = "Contact.Test", "Contact.Test\Contact.Test.csproj", "{27C7B067-771B-459F-B64C-07E28B03390E}"
EndProject
Global
	GlobalSection(SolutionConfigurationPlatforms) = preSolution
		Debug|Any CPU = Debug|Any CPU
		Release|Any CPU = Release|Any CPU
	EndGlobalSection
	GlobalSection(ProjectConfigurationPlatforms) = postSolution
		{18F96E44-D86A-4834-B5F4-0C8E66B3D57A}.Debug|Any CPU.ActiveCfg = Debug|Any CPU
		{18F96E44-D86A-4834-B5F4-0C8E66B3D57A}.Debug|Any CPU.Build.0 = Debug|Any CPU
		{18F96E44-D86A-4834-B5F4-0C8E66B3D57A}.Release|Any CPU.ActiveCfg = Release|Any CPU
		{18F96E44-D86A-4834-B5F4-0C8E66B3D57A}.Release|Any CPU.Build.0 = Release|Any CPU
		{20D061C9-A833-454C-8B76-752576CB00A3}.Debug|Any CPU.ActiveCfg = Debug|Any CPU
		{20D061C9-A833-454C-8B76-752576CB00A3}.Debug|Any CPU.Build.0 = Debug|Any CPU
		{20D061C9-A833-454C-8B76-752576CB00A3}.Release|Any CPU.ActiveCfg = Release|Any CPU
		{20D061C9-A833-454C-8B76-752576CB00A3}.Release|Any CPU.Build.0 = Release|Any CPU
		{964183BF-14DE-4263-A42C-A2C22BC8A58B}.Debug|Any CPU.ActiveCfg = Debug|Any CPU
		{964183BF-14DE-4263-A42C-A2C22BC8A58B}.Debug|Any CPU.Build.0 = Debug|Any CPU
		{964183BF-14DE-4263-A42C-A2C22BC8A58B}.Release|Any CPU.ActiveCfg = Release|Any CPU
		{964183BF-14DE-4263-A42C-A2C22BC8A58B}.Release|Any CPU.Build.0 = Release|Any CPU
		{C3042443-8865-493D-ACF6-FC2C009D0DCB}.Debug|Any CPU.ActiveCfg = Debug|Any CPU
		{C3042443-8865-493D-ACF6-FC2C009D0DCB}.Debug|Any CPU.Build.0 = Debug|Any CPU
		{C3042443-8865-493D-ACF6-FC2C009D0DCB}.Release|Any CPU.ActiveCfg = Release|Any CPU
		{C3042443-8865-493D-ACF6-FC2C009D0DCB}.Release|Any CPU.Build.0 = Release|Any CPU
		{27C7B067-771B-459F-B64C-07E28B03390E}.Debug|Any CPU.ActiveCfg = Debug|Any CPU
		{27C7B067-771B-459F-B64C-07E28B03390E}.Debug|Any CPU.Build.0 = Debug|Any CPU
		{27C7B067-771B-459F-B64C-07E28B03390E}.Release|Any CPU.ActiveCfg = Release|Any CPU
		{27C7B067-771B-459F-B64C-07E28B03390E}.Release|Any CPU.Build.0 = Release|Any CPU
	EndGlobalSection
	GlobalSection(SolutionProperties) = preSolution
		HideSolutionNode = FALSE
	EndGlobalSection
	GlobalSection(ExtensibilityGlobals) = postSolution
		SolutionGuid = {143FC737-0BBB-4D29-951D-4C56C13E384C}
	EndGlobalSection
EndGlobal
